
Microsoft Visual Studio Solution File, Format Version 12.00
# Visual Studio Version 16
VisualStudioVersion = 16.0.33027.164
MinimumVisualStudioVersion = 10.0.40219.1
Project("{FAE04EC0-301F-11D3-BF4B-00C04F79EFBC}") = "Clase-1", "Clase-1\Clase-1.csproj", "{57FE57F5-BB1E-4A2B-AD2F-B79A6004EA9A}"
EndProject
Project("{FAE04EC0-301F-11D3-BF4B-00C04F79EFBC}") = "Clase-2 - CLASES", "Clase-2\Clase-2 - CLASES.csproj", "{A68B8AD6-0EAB-43C8-9FD6-0685EFF2765B}"
EndProject
Project("{FAE04EC0-301F-11D3-BF4B-00C04F79EFBC}") = "Clase-2 - EVENTOS", "Clase-2-2\Clase-2 - EVENTOS.csproj", "{DE889EC2-C04F-404D-ABF3-1227B78DFE18}"
EndProject
Project("{FAE04EC0-301F-11D3-BF4B-00C04F79EFBC}") = "Clase-3 - EVENTOS", "Clase-3\Clase-3 - EVENTOS.csproj", "{DE4D38FE-8806-4982-AFDB-0D9EC78818B5}"
EndProject
Project("{FAE04EC0-301F-11D3-BF4B-00C04F79EFBC}") = "Clase - 3 Polimorfismo", "Clase - 3 Polimorfismo\Clase - 3 Polimorfismo.csproj", "{F3AB7E0C-4A74-47CC-8B50-63BFB3964CD3}"
EndProject
Global
	GlobalSection(SolutionConfigurationPlatforms) = preSolution
		Debug|Any CPU = Debug|Any CPU
		Release|Any CPU = Release|Any CPU
	EndGlobalSection
	GlobalSection(ProjectConfigurationPlatforms) = postSolution
		{57FE57F5-BB1E-4A2B-AD2F-B79A6004EA9A}.Debug|Any CPU.ActiveCfg = Debug|Any CPU
		{57FE57F5-BB1E-4A2B-AD2F-B79A6004EA9A}.Debug|Any CPU.Build.0 = Debug|Any CPU
		{57FE57F5-BB1E-4A2B-AD2F-B79A6004EA9A}.Release|Any CPU.ActiveCfg = Release|Any CPU
		{57FE57F5-BB1E-4A2B-AD2F-B79A6004EA9A}.Release|Any CPU.Build.0 = Release|Any CPU
		{A68B8AD6-0EAB-43C8-9FD6-0685EFF2765B}.Debug|Any CPU.ActiveCfg = Debug|Any CPU
		{A68B8AD6-0EAB-43C8-9FD6-0685EFF2765B}.Debug|Any CPU.Build.0 = Debug|Any CPU
		{A68B8AD6-0EAB-43C8-9FD6-0685EFF2765B}.Release|Any CPU.ActiveCfg = Release|Any CPU
		{A68B8AD6-0EAB-43C8-9FD6-0685EFF2765B}.Release|Any CPU.Build.0 = Release|Any CPU
		{DE889EC2-C04F-404D-ABF3-1227B78DFE18}.Debug|Any CPU.ActiveCfg = Debug|Any CPU
		{DE889EC2-C04F-404D-ABF3-1227B78DFE18}.Debug|Any CPU.Build.0 = Debug|Any CPU
		{DE889EC2-C04F-404D-ABF3-1227B78DFE18}.Release|Any CPU.ActiveCfg = Release|Any CPU
		{DE889EC2-C04F-404D-ABF3-1227B78DFE18}.Release|Any CPU.Build.0 = Release|Any CPU
		{DE4D38FE-8806-4982-AFDB-0D9EC78818B5}.Debug|Any CPU.ActiveCfg = Debug|Any CPU
		{DE4D38FE-8806-4982-AFDB-0D9EC78818B5}.Debug|Any CPU.Build.0 = Debug|Any CPU
		{DE4D38FE-8806-4982-AFDB-0D9EC78818B5}.Release|Any CPU.ActiveCfg = Release|Any CPU
		{DE4D38FE-8806-4982-AFDB-0D9EC78818B5}.Release|Any CPU.Build.0 = Release|Any CPU
		{F3AB7E0C-4A74-47CC-8B50-63BFB3964CD3}.Debug|Any CPU.ActiveCfg = Debug|Any CPU
		{F3AB7E0C-4A74-47CC-8B50-63BFB3964CD3}.Debug|Any CPU.Build.0 = Debug|Any CPU
		{F3AB7E0C-4A74-47CC-8B50-63BFB3964CD3}.Release|Any CPU.ActiveCfg = Release|Any CPU
		{F3AB7E0C-4A74-47CC-8B50-63BFB3964CD3}.Release|Any CPU.Build.0 = Release|Any CPU
	EndGlobalSection
	GlobalSection(SolutionProperties) = preSolution
		HideSolutionNode = FALSE
	EndGlobalSection
	GlobalSection(ExtensibilityGlobals) = postSolution
		SolutionGuid = {8EFAA9D9-7E40-4DE9-A75A-CE64902C3BF3}
	EndGlobalSection
EndGlobal
